// !$*UTF8*$!
{
	archiveVersion = 1;
	classes = {
	};
	objectVersion = 46;
	objects = {

/* Begin PBXBuildFile section */
		AEA6CF822109FB5E003D14C5 /* main.m in Sources */ = {isa = PBXBuildFile; fileRef = AEA6CF812109FB5E003D14C5 /* main.m */; };
		AEA6CF852109FB5E003D14C5 /* AppDelegate.m in Sources */ = {isa = PBXBuildFile; fileRef = AEA6CF842109FB5E003D14C5 /* AppDelegate.m */; };
		AEA6CF882109FB5E003D14C5 /* ViewController.m in Sources */ = {isa = PBXBuildFile; fileRef = AEA6CF872109FB5E003D14C5 /* ViewController.m */; };
		AEA6CF8B2109FB5E003D14C5 /* Main.storyboard in Resources */ = {isa = PBXBuildFile; fileRef = AEA6CF892109FB5E003D14C5 /* Main.storyboard */; };
		AEA6CF8D2109FB5E003D14C5 /* Assets.xcassets in Resources */ = {isa = PBXBuildFile; fileRef = AEA6CF8C2109FB5E003D14C5 /* Assets.xcassets */; };
		AEA6CF902109FB5E003D14C5 /* LaunchScreen.storyboard in Resources */ = {isa = PBXBuildFile; fileRef = AEA6CF8E2109FB5E003D14C5 /* LaunchScreen.storyboard */; };
		AEA6CF9B2109FB5E003D14C5 /* testuiTests.m in Sources */ = {isa = PBXBuildFile; fileRef = AEA6CF9A2109FB5E003D14C5 /* testuiTests.m */; };
		AEA6CFA62109FB5E003D14C5 /* testuiUITests.m in Sources */ = {isa = PBXBuildFile; fileRef = AEA6CFA52109FB5E003D14C5 /* testuiUITests.m */; };
/* End PBXBuildFile section */

/* Begin PBXContainerItemProxy section */
		AEA6CF972109FB5E003D14C5 /* PBXContainerItemProxy */ = {
			isa = PBXContainerItemProxy;
			containerPortal = AEA6CF752109FB5E003D14C5 /* Project object */;
			proxyType = 1;
			remoteGlobalIDString = AEA6CF7C2109FB5E003D14C5;
			remoteInfo = testui;
		};
		AEA6CFA22109FB5E003D14C5 /* PBXContainerItemProxy */ = {
			isa = PBXContainerItemProxy;
			containerPortal = AEA6CF752109FB5E003D14C5 /* Project object */;
			proxyType = 1;
			remoteGlobalIDString = AEA6CF7C2109FB5E003D14C5;
			remoteInfo = testui;
		};
/* End PBXContainerItemProxy section */

/* Begin PBXFileReference section */
		AEA6CF7D2109FB5E003D14C5 /* testui.app */ = {isa = PBXFileReference; explicitFileType = wrapper.application; includeInIndex = 0; path = testui.app; sourceTree = BUILT_PRODUCTS_DIR; };
		AEA6CF812109FB5E003D14C5 /* main.m */ = {isa = PBXFileReference; lastKnownFileType = sourcecode.c.objc; path = main.m; sourceTree = "<group>"; };
		AEA6CF832109FB5E003D14C5 /* AppDelegate.h */ = {isa = PBXFileReference; lastKnownFileType = sourcecode.c.h; path = AppDelegate.h; sourceTree = "<group>"; };
		AEA6CF842109FB5E003D14C5 /* AppDelegate.m */ = {isa = PBXFileReference; lastKnownFileType = sourcecode.c.objc; path = AppDelegate.m; sourceTree = "<group>"; };
		AEA6CF862109FB5E003D14C5 /* ViewController.h */ = {isa = PBXFileReference; lastKnownFileType = sourcecode.c.h; path = ViewController.h; sourceTree = "<group>"; };
		AEA6CF872109FB5E003D14C5 /* ViewController.m */ = {isa = PBXFileReference; lastKnownFileType = sourcecode.c.objc; path = ViewController.m; sourceTree = "<group>"; };
		AEA6CF8A2109FB5E003D14C5 /* Base */ = {isa = PBXFileReference; lastKnownFileType = file.storyboard; name = Base; path = Base.lproj/Main.storyboard; sourceTree = "<group>"; };
		AEA6CF8C2109FB5E003D14C5 /* Assets.xcassets */ = {isa = PBXFileReference; lastKnownFileType = folder.assetcatalog; path = Assets.xcassets; sourceTree = "<group>"; };
		AEA6CF8F2109FB5E003D14C5 /* Base */ = {isa = PBXFileReference; lastKnownFileType = file.storyboard; name = Base; path = Base.lproj/LaunchScreen.storyboard; sourceTree = "<group>"; };
		AEA6CF912109FB5E003D14C5 /* Info.plist */ = {isa = PBXFileReference; lastKnownFileType = text.plist.xml; path = Info.plist; sourceTree = "<group>"; };
		AEA6CF962109FB5E003D14C5 /* testuiTests.xctest */ = {isa = PBXFileReference; explicitFileType = wrapper.cfbundle; includeInIndex = 0; path = testuiTests.xctest; sourceTree = BUILT_PRODUCTS_DIR; };
		AEA6CF9A2109FB5E003D14C5 /* testuiTests.m */ = {isa = PBXFileReference; lastKnownFileType = sourcecode.c.objc; path = testuiTests.m; sourceTree = "<group>"; };
		AEA6CF9C2109FB5E003D14C5 /* Info.plist */ = {isa = PBXFileReference; lastKnownFileType = text.plist.xml; path = Info.plist; sourceTree = "<group>"; };
		AEA6CFA12109FB5E003D14C5 /* testuiUITests.xctest */ = {isa = PBXFileReference; explicitFileType = wrapper.cfbundle; includeInIndex = 0; path = testuiUITests.xctest; sourceTree = BUILT_PRODUCTS_DIR; };
		AEA6CFA52109FB5E003D14C5 /* testuiUITests.m */ = {isa = PBXFileReference; lastKnownFileType = sourcecode.c.objc; path = testuiUITests.m; sourceTree = "<group>"; };
		AEA6CFA72109FB5E003D14C5 /* Info.plist */ = {isa = PBXFileReference; lastKnownFileType = text.plist.xml; path = Info.plist; sourceTree = "<group>"; };
/* End PBXFileReference section */

/* Begin PBXFrameworksBuildPhase section */
		AEA6CF7A2109FB5E003D14C5 /* Frameworks */ = {
			isa = PBXFrameworksBuildPhase;
			buildActionMask = 2147483647;
			files = (
			);
			runOnlyForDeploymentPostprocessing = 0;
		};
		AEA6CF932109FB5E003D14C5 /* Frameworks */ = {
			isa = PBXFrameworksBuildPhase;
			buildActionMask = 2147483647;
			files = (
			);
			runOnlyForDeploymentPostprocessing = 0;
		};
		AEA6CF9E2109FB5E003D14C5 /* Frameworks */ = {
			isa = PBXFrameworksBuildPhase;
			buildActionMask = 2147483647;
			files = (
			);
			runOnlyForDeploymentPostprocessing = 0;
		};
/* End PBXFrameworksBuildPhase section */

/* Begin PBXGroup section */
		AEA6CF742109FB5E003D14C5 = {
			isa = PBXGroup;
			children = (
				AEA6CF7F2109FB5E003D14C5 /* testui */,
				AEA6CF992109FB5E003D14C5 /* testuiTests */,
				AEA6CFA42109FB5E003D14C5 /* testuiUITests */,
				AEA6CF7E2109FB5E003D14C5 /* Products */,
			);
			sourceTree = "<group>";
		};
		AEA6CF7E2109FB5E003D14C5 /* Products */ = {
			isa = PBXGroup;
			children = (
				AEA6CF7D2109FB5E003D14C5 /* testui.app */,
				AEA6CF962109FB5E003D14C5 /* testuiTests.xctest */,
				AEA6CFA12109FB5E003D14C5 /* testuiUITests.xctest */,
			);
			name = Products;
			sourceTree = "<group>";
		};
		AEA6CF7F2109FB5E003D14C5 /* testui */ = {
			isa = PBXGroup;
			children = (
				AEA6CF832109FB5E003D14C5 /* AppDelegate.h */,
				AEA6CF842109FB5E003D14C5 /* AppDelegate.m */,
				AEA6CF862109FB5E003D14C5 /* ViewController.h */,
				AEA6CF872109FB5E003D14C5 /* ViewController.m */,
				AEA6CF892109FB5E003D14C5 /* Main.storyboard */,
				AEA6CF8C2109FB5E003D14C5 /* Assets.xcassets */,
				AEA6CF8E2109FB5E003D14C5 /* LaunchScreen.storyboard */,
				AEA6CF912109FB5E003D14C5 /* Info.plist */,
				AEA6CF802109FB5E003D14C5 /* Supporting Files */,
			);
			path = testui;
			sourceTree = "<group>";
		};
		AEA6CF802109FB5E003D14C5 /* Supporting Files */ = {
			isa = PBXGroup;
			children = (
				AEA6CF812109FB5E003D14C5 /* main.m */,
			);
			name = "Supporting Files";
			sourceTree = "<group>";
		};
		AEA6CF992109FB5E003D14C5 /* testuiTests */ = {
			isa = PBXGroup;
			children = (
				AEA6CF9A2109FB5E003D14C5 /* testuiTests.m */,
				AEA6CF9C2109FB5E003D14C5 /* Info.plist */,
			);
			path = testuiTests;
			sourceTree = "<group>";
		};
		AEA6CFA42109FB5E003D14C5 /* testuiUITests */ = {
			isa = PBXGroup;
			children = (
				AEA6CFA52109FB5E003D14C5 /* testuiUITests.m */,
				AEA6CFA72109FB5E003D14C5 /* Info.plist */,
			);
			path = testuiUITests;
			sourceTree = "<group>";
		};
/* End PBXGroup section */

/* Begin PBXNativeTarget section */
		AEA6CF7C2109FB5E003D14C5 /* testui */ = {
			isa = PBXNativeTarget;
			buildConfigurationList = AEA6CFAA2109FB5E003D14C5 /* Build configuration list for PBXNativeTarget "testui" */;
			buildPhases = (
				AEA6CF792109FB5E003D14C5 /* Sources */,
				AEA6CF7A2109FB5E003D14C5 /* Frameworks */,
				AEA6CF7B2109FB5E003D14C5 /* Resources */,
			);
			buildRules = (
			);
			dependencies = (
			);
			name = testui;
			productName = testui;
			productReference = AEA6CF7D2109FB5E003D14C5 /* testui.app */;
			productType = "com.apple.product-type.application";
		};
		AEA6CF952109FB5E003D14C5 /* testuiTests */ = {
			isa = PBXNativeTarget;
			buildConfigurationList = AEA6CFAD2109FB5E003D14C5 /* Build configuration list for PBXNativeTarget "testuiTests" */;
			buildPhases = (
				AEA6CF922109FB5E003D14C5 /* Sources */,
				AEA6CF932109FB5E003D14C5 /* Frameworks */,
				AEA6CF942109FB5E003D14C5 /* Resources */,
			);
			buildRules = (
			);
			dependencies = (
				AEA6CF982109FB5E003D14C5 /* PBXTargetDependency */,
			);
			name = testuiTests;
			productName = testuiTests;
			productReference = AEA6CF962109FB5E003D14C5 /* testuiTests.xctest */;
			productType = "com.apple.product-type.bundle.unit-test";
		};
		AEA6CFA02109FB5E003D14C5 /* testuiUITests */ = {
			isa = PBXNativeTarget;
			buildConfigurationList = AEA6CFB02109FB5E003D14C5 /* Build configuration list for PBXNativeTarget "testuiUITests" */;
			buildPhases = (
				AEA6CF9D2109FB5E003D14C5 /* Sources */,
				AEA6CF9E2109FB5E003D14C5 /* Frameworks */,
				AEA6CF9F2109FB5E003D14C5 /* Resources */,
			);
			buildRules = (
			);
			dependencies = (
				AEA6CFA32109FB5E003D14C5 /* PBXTargetDependency */,
			);
			name = testuiUITests;
			productName = testuiUITests;
			productReference = AEA6CFA12109FB5E003D14C5 /* testuiUITests.xctest */;
			productType = "com.apple.product-type.bundle.ui-testing";
		};
/* End PBXNativeTarget section */

/* Begin PBXProject section */
		AEA6CF752109FB5E003D14C5 /* Project object */ = {
			isa = PBXProject;
			attributes = {
				LastUpgradeCheck = 0810;
				ORGANIZATIONNAME = Grammer;
				TargetAttributes = {
					AEA6CF7C2109FB5E003D14C5 = {
						CreatedOnToolsVersion = 8.1;
						ProvisioningStyle = Automatic;
					};
					AEA6CF952109FB5E003D14C5 = {
						CreatedOnToolsVersion = 8.1;
						ProvisioningStyle = Automatic;
						TestTargetID = AEA6CF7C2109FB5E003D14C5;
					};
					AEA6CFA02109FB5E003D14C5 = {
						CreatedOnToolsVersion = 8.1;
						ProvisioningStyle = Automatic;
						TestTargetID = AEA6CF7C2109FB5E003D14C5;
					};
				};
			};
			buildConfigurationList = AEA6CF782109FB5E003D14C5 /* Build configuration list for PBXProject "testui" */;
			compatibilityVersion = "Xcode 3.2";
			developmentRegion = English;
			hasScannedForEncodings = 0;
			knownRegions = (
				en,
				Base,
			);
			mainGroup = AEA6CF742109FB5E003D14C5;
			productRefGroup = AEA6CF7E2109FB5E003D14C5 /* Products */;
			projectDirPath = "";
			projectRoot = "";
			targets = (
				AEA6CF7C2109FB5E003D14C5 /* testui */,
				AEA6CF952109FB5E003D14C5 /* testuiTests */,
				AEA6CFA02109FB5E003D14C5 /* testuiUITests */,
			);
		};
/* End PBXProject section */

/* Begin PBXResourcesBuildPhase section */
		AEA6CF7B2109FB5E003D14C5 /* Resources */ = {
			isa = PBXResourcesBuildPhase;
			buildActionMask = 2147483647;
			files = (
				AEA6CF902109FB5E003D14C5 /* LaunchScreen.storyboard in Resources */,
				AEA6CF8D2109FB5E003D14C5 /* Assets.xcassets in Resources */,
				AEA6CF8B2109FB5E003D14C5 /* Main.storyboard in Resources */,
			);
			runOnlyForDeploymentPostprocessing = 0;
		};
		AEA6CF942109FB5E003D14C5 /* Resources */ = {
			isa = PBXResourcesBuildPhase;
			buildActionMask = 2147483647;
			files = (
			);
			runOnlyForDeploymentPostprocessing = 0;
		};
		AEA6CF9F2109FB5E003D14C5 /* Resources */ = {
			isa = PBXResourcesBuildPhase;
			buildActionMask = 2147483647;
			files = (
			);
			runOnlyForDeploymentPostprocessing = 0;
		};
/* End PBXResourcesBuildPhase section */

/* Begin PBXSourcesBuildPhase section */
		AEA6CF792109FB5E003D14C5 /* Sources */ = {
			isa = PBXSourcesBuildPhase;
			buildActionMask = 2147483647;
			files = (
				AEA6CF882109FB5E003D14C5 /* ViewController.m in Sources */,
				AEA6CF852109FB5E003D14C5 /* AppDelegate.m in Sources */,
				AEA6CF822109FB5E003D14C5 /* main.m in Sources */,
			);
			runOnlyForDeploymentPostprocessing = 0;
		};
		AEA6CF922109FB5E003D14C5 /* Sources */ = {
			isa = PBXSourcesBuildPhase;
			buildActionMask = 2147483647;
			files = (
				AEA6CF9B2109FB5E003D14C5 /* testuiTests.m in Sources */,
			);
			runOnlyForDeploymentPostprocessing = 0;
		};
		AEA6CF9D2109FB5E003D14C5 /* Sources */ = {
			isa = PBXSourcesBuildPhase;
			buildActionMask = 2147483647;
			files = (
				AEA6CFA62109FB5E003D14C5 /* testuiUITests.m in Sources */,
			);
			runOnlyForDeploymentPostprocessing = 0;
		};
/* End PBXSourcesBuildPhase section */

/* Begin PBXTargetDependency section */
		AEA6CF982109FB5E003D14C5 /* PBXTargetDependency */ = {
			isa = PBXTargetDependency;
			target = AEA6CF7C2109FB5E003D14C5 /* testui */;
			targetProxy = AEA6CF972109FB5E003D14C5 /* PBXContainerItemProxy */;
		};
		AEA6CFA32109FB5E003D14C5 /* PBXTargetDependency */ = {
			isa = PBXTargetDependency;
			target = AEA6CF7C2109FB5E003D14C5 /* testui */;
			targetProxy = AEA6CFA22109FB5E003D14C5 /* PBXContainerItemProxy */;
		};
/* End PBXTargetDependency section */

/* Begin PBXVariantGroup section */
		AEA6CF892109FB5E003D14C5 /* Main.storyboard */ = {
			isa = PBXVariantGroup;
			children = (
				AEA6CF8A2109FB5E003D14C5 /* Base */,
			);
			name = Main.storyboard;
			sourceTree = "<group>";
		};
		AEA6CF8E2109FB5E003D14C5 /* LaunchScreen.storyboard */ = {
			isa = PBXVariantGroup;
			children = (
				AEA6CF8F2109FB5E003D14C5 /* Base */,
			);
			name = LaunchScreen.storyboard;
			sourceTree = "<group>";
		};
/* End PBXVariantGroup section */

/* Begin XCBuildConfiguration section */
		AEA6CFA82109FB5E003D14C5 /* Debug */ = {
			isa = XCBuildConfiguration;
			buildSettings = {
				ALWAYS_SEARCH_USER_PATHS = NO;
				CLANG_ANALYZER_NONNULL = YES;
				CLANG_CXX_LANGUAGE_STANDARD = "gnu++0x";
				CLANG_CXX_LIBRARY = "libc++";
				CLANG_ENABLE_MODULES = YES;
				CLANG_ENABLE_OBJC_ARC = YES;
				CLANG_WARN_BOOL_CONVERSION = YES;
				CLANG_WARN_CONSTANT_CONVERSION = YES;
				CLANG_WARN_DIRECT_OBJC_ISA_USAGE = YES_ERROR;
				CLANG_WARN_DOCUMENTATION_COMMENTS = YES;
				CLANG_WARN_EMPTY_BODY = YES;
				CLANG_WARN_ENUM_CONVERSION = YES;
				CLANG_WARN_INFINITE_RECURSION = YES;
				CLANG_WARN_INT_CONVERSION = YES;
				CLANG_WARN_OBJC_ROOT_CLASS = YES_ERROR;
				CLANG_WARN_SUSPICIOUS_MOVES = YES;
				CLANG_WARN_UNREACHABLE_CODE = YES;
				CLANG_WARN__DUPLICATE_METHOD_MATCH = YES;
				"CODE_SIGN_IDENTITY[sdk=iphoneos*]" = "iPhone Developer";
				COPY_PHASE_STRIP = NO;
				DEBUG_INFORMATION_FORMAT = dwarf;
				ENABLE_STRICT_OBJC_MSGSEND = YES;
				ENABLE_TESTABILITY = YES;
				GCC_C_LANGUAGE_STANDARD = gnu99;
				GCC_DYNAMIC_NO_PIC = NO;
				GCC_NO_COMMON_BLOCKS = YES;
				GCC_OPTIMIZATION_LEVEL = 0;
				GCC_PREPROCESSOR_DEFINITIONS = (
					"DEBUG=1",
					"$(inherited)",
				);
				GCC_WARN_64_TO_32_BIT_CONVERSION = YES;
				GCC_WARN_ABOUT_RETURN_TYPE = YES_ERROR;
				GCC_WARN_UNDECLARED_SELECTOR = YES;
				GCC_WARN_UNINITIALIZED_AUTOS = YES_AGGRESSIVE;
				GCC_WARN_UNUSED_FUNCTION = YES;
				GCC_WARN_UNUSED_VARIABLE = YES;
				IPHONEOS_DEPLOYMENT_TARGET = 10.1;
				MTL_ENABLE_DEBUG_INFO = YES;
				ONLY_ACTIVE_ARCH = YES;
				SDKROOT = iphoneos;
				TARGETED_DEVICE_FAMILY = "1,2";
			};
			name = Debug;
		};
		AEA6CFA92109FB5E003D14C5 /* Release */ = {
			isa = XCBuildConfiguration;
			buildSettings = {
				ALWAYS_SEARCH_USER_PATHS = NO;
				CLANG_ANALYZER_NONNULL = YES;
				CLANG_CXX_LANGUAGE_STANDARD = "gnu++0x";
				CLANG_CXX_LIBRARY = "libc++";
				CLANG_ENABLE_MODULES = YES;
				CLANG_ENABLE_OBJC_ARC = YES;
				CLANG_WARN_BOOL_CONVERSION = YES;
				CLANG_WARN_CONSTANT_CONVERSION = YES;
				CLANG_WARN_DIRECT_OBJC_ISA_USAGE = YES_ERROR;
				CLANG_WARN_DOCUMENTATION_COMMENTS = YES;
				CLANG_WARN_EMPTY_BODY = YES;
				CLANG_WARN_ENUM_CONVERSION = YES;
				CLANG_WARN_INFINITE_RECURSION = YES;
				CLANG_WARN_INT_CONVERSION = YES;
				CLANG_WARN_OBJC_ROOT_CLASS = YES_ERROR;
				CLANG_WARN_SUSPICIOUS_MOVES = YES;
				CLANG_WARN_UNREACHABLE_CODE = YES;
				CLANG_WARN__DUPLICATE_METHOD_MATCH = YES;
				"CODE_SIGN_IDENTITY[sdk=iphoneos*]" = "iPhone Developer";
				COPY_PHASE_STRIP = NO;
				DEBUG_INFORMATION_FORMAT = "dwarf-with-dsym";
				ENABLE_NS_ASSERTIONS = NO;
				ENABLE_STRICT_OBJC_MSGSEND = YES;
				GCC_C_LANGUAGE_STANDARD = gnu99;
				GCC_NO_COMMON_BLOCKS = YES;
				GCC_WARN_64_TO_32_BIT_CONVERSION = YES;
				GCC_WARN_ABOUT_RETURN_TYPE = YES_ERROR;
				GCC_WARN_UNDECLARED_SELECTOR = YES;
				GCC_WARN_UNINITIALIZED_AUTOS = YES_AGGRESSIVE;
				GCC_WARN_UNUSED_FUNCTION = YES;
				GCC_WARN_UNUSED_VARIABLE = YES;
				IPHONEOS_DEPLOYMENT_TARGET = 10.1;
				MTL_ENABLE_DEBUG_INFO = NO;
				SDKROOT = iphoneos;
				TARGETED_DEVICE_FAMILY = "1,2";
				VALIDATE_PRODUCT = YES;
			};
			name = Release;
		};
		AEA6CFAB2109FB5E003D14C5 /* Debug */ = {
			isa = XCBuildConfiguration;
			buildSettings = {
				ASSETCATALOG_COMPILER_APPICON_NAME = AppIcon;
				INFOPLIST_FILE = testui/Info.plist;
				LD_RUNPATH_SEARCH_PATHS = "$(inherited) @executable_path/Frameworks";
				PRODUCT_BUNDLE_IDENTIFIER = Uniz.testui;
				PRODUCT_NAME = "$(TARGET_NAME)";
			};
			name = Debug;
		};
		AEA6CFAC2109FB5E003D14C5 /* Release */ = {
			isa = XCBuildConfiguration;
			buildSettings = {
				ASSETCATALOG_COMPILER_APPICON_NAME = AppIcon;
				INFOPLIST_FILE = testui/Info.plist;
				LD_RUNPATH_SEARCH_PATHS = "$(inherited) @executable_path/Frameworks";
				PRODUCT_BUNDLE_IDENTIFIER = Uniz.testui;
				PRODUCT_NAME = "$(TARGET_NAME)";
			};
			name = Release;
		};
		AEA6CFAE2109FB5E003D14C5 /* Debug */ = {
			isa = XCBuildConfiguration;
			buildSettings = {
				BUNDLE_LOADER = "$(TEST_HOST)";
				INFOPLIST_FILE = testuiTests/Info.plist;
				LD_RUNPATH_SEARCH_PATHS = "$(inherited) @executable_path/Frameworks @loader_path/Frameworks";
				PRODUCT_BUNDLE_IDENTIFIER = Uniz.testuiTests;
				PRODUCT_NAME = "$(TARGET_NAME)";
				TEST_HOST = "$(BUILT_PRODUCTS_DIR)/testui.app/testui";
			};
			name = Debug;
		};
		AEA6CFAF2109FB5E003D14C5 /* Release */ = {
			isa = XCBuildConfiguration;
			buildSettings = {
				BUNDLE_LOADER = "$(TEST_HOST)";
				INFOPLIST_FILE = testuiTests/Info.plist;
				LD_RUNPATH_SEARCH_PATHS = "$(inherited) @executable_path/Frameworks @loader_path/Frameworks";
				PRODUCT_BUNDLE_IDENTIFIER = Uniz.testuiTests;
				PRODUCT_NAME = "$(TARGET_NAME)";
				TEST_HOST = "$(BUILT_PRODUCTS_DIR)/testui.app/testui";
			};
			name = Release;
		};
		AEA6CFB12109FB5E003D14C5 /* Debug */ = {
			isa = XCBuildConfiguration;
			buildSettings = {
				INFOPLIST_FILE = testuiUITests/Info.plist;
				LD_RUNPATH_SEARCH_PATHS = "$(inherited) @executable_path/Frameworks @loader_path/Frameworks";
				PRODUCT_BUNDLE_IDENTIFIER = Uniz.testuiUITests;
				PRODUCT_NAME = "$(TARGET_NAME)";
				TEST_TARGET_NAME = testui;
			};
			name = Debug;
		};
		AEA6CFB22109FB5E003D14C5 /* Release */ = {
			isa = XCBuildConfiguration;
			buildSettings = {
				INFOPLIST_FILE = testuiUITests/Info.plist;
				LD_RUNPATH_SEARCH_PATHS = "$(inherited) @executable_path/Frameworks @loader_path/Frameworks";
				PRODUCT_BUNDLE_IDENTIFIER = Uniz.testuiUITests;
				PRODUCT_NAME = "$(TARGET_NAME)";
				TEST_TARGET_NAME = testui;
			};
			name = Release;
		};
/* End XCBuildConfiguration section */

/* Begin XCConfigurationList section */
		AEA6CF782109FB5E003D14C5 /* Build configuration list for PBXProject "testui" */ = {
			isa = XCConfigurationList;
			buildConfigurations = (
				AEA6CFA82109FB5E003D14C5 /* Debug */,
				AEA6CFA92109FB5E003D14C5 /* Release */,
			);
			defaultConfigurationIsVisible = 0;
			defaultConfigurationName = Release;
		};
		AEA6CFAA2109FB5E003D14C5 /* Build configuration list for PBXNativeTarget "testui" */ = {
			isa = XCConfigurationList;
			buildConfigurations = (
				AEA6CFAB2109FB5E003D14C5 /* Debug */,
				AEA6CFAC2109FB5E003D14C5 /* Release */,
			);
			defaultConfigurationIsVisible = 0;
		};
		AEA6CFAD2109FB5E003D14C5 /* Build configuration list for PBXNativeTarget "testuiTests" */ = {
			isa = XCConfigurationList;
			buildConfigurations = (
				AEA6CFAE2109FB5E003D14C5 /* Debug */,
				AEA6CFAF2109FB5E003D14C5 /* Release */,
			);
			defaultConfigurationIsVisible = 0;
		};
		AEA6CFB02109FB5E003D14C5 /* Build configuration list for PBXNativeTarget "testuiUITests" */ = {
			isa = XCConfigurationList;
			buildConfigurations = (
				AEA6CFB12109FB5E003D14C5 /* Debug */,
				AEA6CFB22109FB5E003D14C5 /* Release */,
			);
			defaultConfigurationIsVisible = 0;
		};
/* End XCConfigurationList section */
	};
	rootObject = AEA6CF752109FB5E003D14C5 /* Project object */;
}
