// !$*UTF8*$!
{
	archiveVersion = 1;
	classes = {
	};
	objectVersion = 50;
	objects = {

/* Begin PBXBuildFile section */
		AE9EAAA4213D686900015E1E /* AppDelegate.m in Sources */ = {isa = PBXBuildFile; fileRef = AE9EAAA3213D686900015E1E /* AppDelegate.m */; };
		AE9EAAA7213D686900015E1E /* ViewController.m in Sources */ = {isa = PBXBuildFile; fileRef = AE9EAAA6213D686900015E1E /* ViewController.m */; };
		AE9EAAAA213D686900015E1E /* Main.storyboard in Resources */ = {isa = PBXBuildFile; fileRef = AE9EAAA8213D686900015E1E /* Main.storyboard */; };
		AE9EAAAC213D686D00015E1E /* Assets.xcassets in Resources */ = {isa = PBXBuildFile; fileRef = AE9EAAAB213D686D00015E1E /* Assets.xcassets */; };
		AE9EAAAF213D686D00015E1E /* LaunchScreen.storyboard in Resources */ = {isa = PBXBuildFile; fileRef = AE9EAAAD213D686D00015E1E /* LaunchScreen.storyboard */; };
		AE9EAAB2213D686D00015E1E /* main.m in Sources */ = {isa = PBXBuildFile; fileRef = AE9EAAB1213D686D00015E1E /* main.m */; };
/* End PBXBuildFile section */

/* Begin PBXFileReference section */
		AE9EAA9F213D686900015E1E /* tabBarDemo.app */ = {isa = PBXFileReference; explicitFileType = wrapper.application; includeInIndex = 0; path = tabBarDemo.app; sourceTree = BUILT_PRODUCTS_DIR; };
		AE9EAAA2213D686900015E1E /* AppDelegate.h */ = {isa = PBXFileReference; lastKnownFileType = sourcecode.c.h; path = AppDelegate.h; sourceTree = "<group>"; };
		AE9EAAA3213D686900015E1E /* AppDelegate.m */ = {isa = PBXFileReference; lastKnownFileType = sourcecode.c.objc; path = AppDelegate.m; sourceTree = "<group>"; };
		AE9EAAA5213D686900015E1E /* ViewController.h */ = {isa = PBXFileReference; lastKnownFileType = sourcecode.c.h; path = ViewController.h; sourceTree = "<group>"; };
		AE9EAAA6213D686900015E1E /* ViewController.m */ = {isa = PBXFileReference; lastKnownFileType = sourcecode.c.objc; path = ViewController.m; sourceTree = "<group>"; };
		AE9EAAA9213D686900015E1E /* Base */ = {isa = PBXFileReference; lastKnownFileType = file.storyboard; name = Base; path = Base.lproj/Main.storyboard; sourceTree = "<group>"; };
		AE9EAAAB213D686D00015E1E /* Assets.xcassets */ = {isa = PBXFileReference; lastKnownFileType = folder.assetcatalog; path = Assets.xcassets; sourceTree = "<group>"; };
		AE9EAAAE213D686D00015E1E /* Base */ = {isa = PBXFileReference; lastKnownFileType = file.storyboard; name = Base; path = Base.lproj/LaunchScreen.storyboard; sourceTree = "<group>"; };
		AE9EAAB0213D686D00015E1E /* Info.plist */ = {isa = PBXFileReference; lastKnownFileType = text.plist.xml; path = Info.plist; sourceTree = "<group>"; };
		AE9EAAB1213D686D00015E1E /* main.m */ = {isa = PBXFileReference; lastKnownFileType = sourcecode.c.objc; path = main.m; sourceTree = "<group>"; };
/* End PBXFileReference section */

/* Begin PBXFrameworksBuildPhase section */
		AE9EAA9C213D686900015E1E /* Frameworks */ = {
			isa = PBXFrameworksBuildPhase;
			buildActionMask = 2147483647;
			files = (
			);
			runOnlyForDeploymentPostprocessing = 0;
		};
/* End PBXFrameworksBuildPhase section */

/* Begin PBXGroup section */
		AE9EAA96213D686900015E1E = {
			isa = PBXGroup;
			children = (
				AE9EAAA1213D686900015E1E /* tabBarDemo */,
				AE9EAAA0213D686900015E1E /* Products */,
			);
			sourceTree = "<group>";
		};
		AE9EAAA0213D686900015E1E /* Products */ = {
			isa = PBXGroup;
			children = (
				AE9EAA9F213D686900015E1E /* tabBarDemo.app */,
			);
			name = Products;
			sourceTree = "<group>";
		};
		AE9EAAA1213D686900015E1E /* tabBarDemo */ = {
			isa = PBXGroup;
			children = (
				AE9EAAA2213D686900015E1E /* AppDelegate.h */,
				AE9EAAA3213D686900015E1E /* AppDelegate.m */,
				AE9EAAA5213D686900015E1E /* ViewController.h */,
				AE9EAAA6213D686900015E1E /* ViewController.m */,
				AE9EAAA8213D686900015E1E /* Main.storyboard */,
				AE9EAAAB213D686D00015E1E /* Assets.xcassets */,
				AE9EAAAD213D686D00015E1E /* LaunchScreen.storyboard */,
				AE9EAAB0213D686D00015E1E /* Info.plist */,
				AE9EAAB1213D686D00015E1E /* main.m */,
			);
			path = tabBarDemo;
			sourceTree = "<group>";
		};
/* End PBXGroup section */

/* Begin PBXNativeTarget section */
		AE9EAA9E213D686900015E1E /* tabBarDemo */ = {
			isa = PBXNativeTarget;
			buildConfigurationList = AE9EAAB5213D686D00015E1E /* Build configuration list for PBXNativeTarget "tabBarDemo" */;
			buildPhases = (
				AE9EAA9B213D686900015E1E /* Sources */,
				AE9EAA9C213D686900015E1E /* Frameworks */,
				AE9EAA9D213D686900015E1E /* Resources */,
			);
			buildRules = (
			);
			dependencies = (
			);
			name = tabBarDemo;
			productName = tabBarDemo;
			productReference = AE9EAA9F213D686900015E1E /* tabBarDemo.app */;
			productType = "com.apple.product-type.application";
		};
/* End PBXNativeTarget section */

/* Begin PBXProject section */
		AE9EAA97213D686900015E1E /* Project object */ = {
			isa = PBXProject;
			attributes = {
				LastUpgradeCheck = 0940;
				ORGANIZATIONNAME = Grammer;
				TargetAttributes = {
					AE9EAA9E213D686900015E1E = {
						CreatedOnToolsVersion = 9.4.1;
					};
				};
			};
			buildConfigurationList = AE9EAA9A213D686900015E1E /* Build configuration list for PBXProject "tabBarDemo" */;
			compatibilityVersion = "Xcode 9.3";
			developmentRegion = en;
			hasScannedForEncodings = 0;
			knownRegions = (
				en,
				Base,
			);
			mainGroup = AE9EAA96213D686900015E1E;
			productRefGroup = AE9EAAA0213D686900015E1E /* Products */;
			projectDirPath = "";
			projectRoot = "";
			targets = (
				AE9EAA9E213D686900015E1E /* tabBarDemo */,
			);
		};
/* End PBXProject section */

/* Begin PBXResourcesBuildPhase section */
		AE9EAA9D213D686900015E1E /* Resources */ = {
			isa = PBXResourcesBuildPhase;
			buildActionMask = 2147483647;
			files = (
				AE9EAAAF213D686D00015E1E /* LaunchScreen.storyboard in Resources */,
				AE9EAAAC213D686D00015E1E /* Assets.xcassets in Resources */,
				AE9EAAAA213D686900015E1E /* Main.storyboard in Resources */,
			);
			runOnlyForDeploymentPostprocessing = 0;
		};
/* End PBXResourcesBuildPhase section */

/* Begin PBXSourcesBuildPhase section */
		AE9EAA9B213D686900015E1E /* Sources */ = {
			isa = PBXSourcesBuildPhase;
			buildActionMask = 2147483647;
			files = (
				AE9EAAA7213D686900015E1E /* ViewController.m in Sources */,
				AE9EAAB2213D686D00015E1E /* main.m in Sources */,
				AE9EAAA4213D686900015E1E /* AppDelegate.m in Sources */,
			);
			runOnlyForDeploymentPostprocessing = 0;
		};
/* End PBXSourcesBuildPhase section */

/* Begin PBXVariantGroup section */
		AE9EAAA8213D686900015E1E /* Main.storyboard */ = {
			isa = PBXVariantGroup;
			children = (
				AE9EAAA9213D686900015E1E /* Base */,
			);
			name = Main.storyboard;
			sourceTree = "<group>";
		};
		AE9EAAAD213D686D00015E1E /* LaunchScreen.storyboard */ = {
			isa = PBXVariantGroup;
			children = (
				AE9EAAAE213D686D00015E1E /* Base */,
			);
			name = LaunchScreen.storyboard;
			sourceTree = "<group>";
		};
/* End PBXVariantGroup section */

/* Begin XCBuildConfiguration section */
		AE9EAAB3213D686D00015E1E /* Debug */ = {
			isa = XCBuildConfiguration;
			buildSettings = {
				ALWAYS_SEARCH_USER_PATHS = NO;
				CLANG_ANALYZER_NONNULL = YES;
				CLANG_ANALYZER_NUMBER_OBJECT_CONVERSION = YES_AGGRESSIVE;
				CLANG_CXX_LANGUAGE_STANDARD = "gnu++14";
				CLANG_CXX_LIBRARY = "libc++";
				CLANG_ENABLE_MODULES = YES;
				CLANG_ENABLE_OBJC_ARC = YES;
				CLANG_ENABLE_OBJC_WEAK = YES;
				CLANG_WARN_BLOCK_CAPTURE_AUTORELEASING = YES;
				CLANG_WARN_BOOL_CONVERSION = YES;
				CLANG_WARN_COMMA = YES;
				CLANG_WARN_CONSTANT_CONVERSION = YES;
				CLANG_WARN_DEPRECATED_OBJC_IMPLEMENTATIONS = YES;
				CLANG_WARN_DIRECT_OBJC_ISA_USAGE = YES_ERROR;
				CLANG_WARN_DOCUMENTATION_COMMENTS = YES;
				CLANG_WARN_EMPTY_BODY = YES;
				CLANG_WARN_ENUM_CONVERSION = YES;
				CLANG_WARN_INFINITE_RECURSION = YES;
				CLANG_WARN_INT_CONVERSION = YES;
				CLANG_WARN_NON_LITERAL_NULL_CONVERSION = YES;
				CLANG_WARN_OBJC_IMPLICIT_RETAIN_SELF = YES;
				CLANG_WARN_OBJC_LITERAL_CONVERSION = YES;
				CLANG_WARN_OBJC_ROOT_CLASS = YES_ERROR;
				CLANG_WARN_RANGE_LOOP_ANALYSIS = YES;
				CLANG_WARN_STRICT_PROTOTYPES = YES;
				CLANG_WARN_SUSPICIOUS_MOVE = YES;
				CLANG_WARN_UNGUARDED_AVAILABILITY = YES_AGGRESSIVE;
				CLANG_WARN_UNREACHABLE_CODE = YES;
				CLANG_WARN__DUPLICATE_METHOD_MATCH = YES;
				CODE_SIGN_IDENTITY = "iPhone Developer";
				COPY_PHASE_STRIP = NO;
				DEBUG_INFORMATION_FORMAT = dwarf;
				ENABLE_STRICT_OBJC_MSGSEND = YES;
				ENABLE_TESTABILITY = YES;
				GCC_C_LANGUAGE_STANDARD = gnu11;
				GCC_DYNAMIC_NO_PIC = NO;
				GCC_NO_COMMON_BLOCKS = YES;
				GCC_OPTIMIZATION_LEVEL = 0;
				GCC_PREPROCESSOR_DEFINITIONS = (
					"DEBUG=1",
					"$(inherited)",
				);
				GCC_WARN_64_TO_32_BIT_CONVERSION = YES;
				GCC_WARN_ABOUT_RETURN_TYPE = YES_ERROR;
				GCC_WARN_UNDECLARED_SELECTOR = YES;
				GCC_WARN_UNINITIALIZED_AUTOS = YES_AGGRESSIVE;
				GCC_WARN_UNUSED_FUNCTION = YES;
				GCC_WARN_UNUSED_VARIABLE = YES;
				IPHONEOS_DEPLOYMENT_TARGET = 11.4;
				MTL_ENABLE_DEBUG_INFO = YES;
				ONLY_ACTIVE_ARCH = YES;
				SDKROOT = iphoneos;
			};
			name = Debug;
		};
		AE9EAAB4213D686D00015E1E /* Release */ = {
			isa = XCBuildConfiguration;
			buildSettings = {
				ALWAYS_SEARCH_USER_PATHS = NO;
				CLANG_ANALYZER_NONNULL = YES;
				CLANG_ANALYZER_NUMBER_OBJECT_CONVERSION = YES_AGGRESSIVE;
				CLANG_CXX_LANGUAGE_STANDARD = "gnu++14";
				CLANG_CXX_LIBRARY = "libc++";
				CLANG_ENABLE_MODULES = YES;
				CLANG_ENABLE_OBJC_ARC = YES;
				CLANG_ENABLE_OBJC_WEAK = YES;
				CLANG_WARN_BLOCK_CAPTURE_AUTORELEASING = YES;
				CLANG_WARN_BOOL_CONVERSION = YES;
				CLANG_WARN_COMMA = YES;
				CLANG_WARN_CONSTANT_CONVERSION = YES;
				CLANG_WARN_DEPRECATED_OBJC_IMPLEMENTATIONS = YES;
				CLANG_WARN_DIRECT_OBJC_ISA_USAGE = YES_ERROR;
				CLANG_WARN_DOCUMENTATION_COMMENTS = YES;
				CLANG_WARN_EMPTY_BODY = YES;
				CLANG_WARN_ENUM_CONVERSION = YES;
				CLANG_WARN_INFINITE_RECURSION = YES;
				CLANG_WARN_INT_CONVERSION = YES;
				CLANG_WARN_NON_LITERAL_NULL_CONVERSION = YES;
				CLANG_WARN_OBJC_IMPLICIT_RETAIN_SELF = YES;
				CLANG_WARN_OBJC_LITERAL_CONVERSION = YES;
				CLANG_WARN_OBJC_ROOT_CLASS = YES_ERROR;
				CLANG_WARN_RANGE_LOOP_ANALYSIS = YES;
				CLANG_WARN_STRICT_PROTOTYPES = YES;
				CLANG_WARN_SUSPICIOUS_MOVE = YES;
				CLANG_WARN_UNGUARDED_AVAILABILITY = YES_AGGRESSIVE;
				CLANG_WARN_UNREACHABLE_CODE = YES;
				CLANG_WARN__DUPLICATE_METHOD_MATCH = YES;
				CODE_SIGN_IDENTITY = "iPhone Developer";
				COPY_PHASE_STRIP = NO;
				DEBUG_INFORMATION_FORMAT = "dwarf-with-dsym";
				ENABLE_NS_ASSERTIONS = NO;
				ENABLE_STRICT_OBJC_MSGSEND = YES;
				GCC_C_LANGUAGE_STANDARD = gnu11;
				GCC_NO_COMMON_BLOCKS = YES;
				GCC_WARN_64_TO_32_BIT_CONVERSION = YES;
				GCC_WARN_ABOUT_RETURN_TYPE = YES_ERROR;
				GCC_WARN_UNDECLARED_SELECTOR = YES;
				GCC_WARN_UNINITIALIZED_AUTOS = YES_AGGRESSIVE;
				GCC_WARN_UNUSED_FUNCTION = YES;
				GCC_WARN_UNUSED_VARIABLE = YES;
				IPHONEOS_DEPLOYMENT_TARGET = 11.4;
				MTL_ENABLE_DEBUG_INFO = NO;
				SDKROOT = iphoneos;
				VALIDATE_PRODUCT = YES;
			};
			name = Release;
		};
		AE9EAAB6213D686D00015E1E /* Debug */ = {
			isa = XCBuildConfiguration;
			buildSettings = {
				ASSETCATALOG_COMPILER_APPICON_NAME = AppIcon;
				CODE_SIGN_STYLE = Automatic;
				INFOPLIST_FILE = tabBarDemo/Info.plist;
				LD_RUNPATH_SEARCH_PATHS = (
					"$(inherited)",
					"@executable_path/Frameworks",
				);
				PRODUCT_BUNDLE_IDENTIFIER = Uniz.tabBarDemo;
				PRODUCT_NAME = "$(TARGET_NAME)";
				TARGETED_DEVICE_FAMILY = "1,2";
			};
			name = Debug;
		};
		AE9EAAB7213D686D00015E1E /* Release */ = {
			isa = XCBuildConfiguration;
			buildSettings = {
				ASSETCATALOG_COMPILER_APPICON_NAME = AppIcon;
				CODE_SIGN_STYLE = Automatic;
				INFOPLIST_FILE = tabBarDemo/Info.plist;
				LD_RUNPATH_SEARCH_PATHS = (
					"$(inherited)",
					"@executable_path/Frameworks",
				);
				PRODUCT_BUNDLE_IDENTIFIER = Uniz.tabBarDemo;
				PRODUCT_NAME = "$(TARGET_NAME)";
				TARGETED_DEVICE_FAMILY = "1,2";
			};
			name = Release;
		};
/* End XCBuildConfiguration section */

/* Begin XCConfigurationList section */
		AE9EAA9A213D686900015E1E /* Build configuration list for PBXProject "tabBarDemo" */ = {
			isa = XCConfigurationList;
			buildConfigurations = (
				AE9EAAB3213D686D00015E1E /* Debug */,
				AE9EAAB4213D686D00015E1E /* Release */,
			);
			defaultConfigurationIsVisible = 0;
			defaultConfigurationName = Release;
		};
		AE9EAAB5213D686D00015E1E /* Build configuration list for PBXNativeTarget "tabBarDemo" */ = {
			isa = XCConfigurationList;
			buildConfigurations = (
				AE9EAAB6213D686D00015E1E /* Debug */,
				AE9EAAB7213D686D00015E1E /* Release */,
			);
			defaultConfigurationIsVisible = 0;
			defaultConfigurationName = Release;
		};
/* End XCConfigurationList section */
	};
	rootObject = AE9EAA97213D686900015E1E /* Project object */;
}
